
Microsoft Visual Studio Solution File, Format Version 12.00
# Visual Studio Version 17
VisualStudioVersion = 17.11.35303.130
MinimumVisualStudioVersion = 10.0.40219.1
Project("{2150E333-8FDC-42A3-9474-1A3956D46DE8}") = "Task0", "Task0", "{868F4498-C813-4F71-9E12-62812E26E442}"
EndProject
Project("{9A19103F-16F7-4668-BE54-9A1E7A4F7556}") = "Tyuiu.KomarovNA.Sprint0.Task0.V0", "Tyuiu.KomarovNA.Sprint0.Task0.V0\Tyuiu.KomarovNA.Sprint0.Task0.V0.csproj", "{9D179144-4A9C-4583-A400-DA6F1EF3406B}"
EndProject
Project("{2150E333-8FDC-42A3-9474-1A3956D46DE8}") = "Task1", "Task1", "{C8560EF7-C959-407D-9A39-A564831CF1DD}"
EndProject
Project("{9A19103F-16F7-4668-BE54-9A1E7A4F7556}") = "Tyuiu.KomarovNA.Sprint0.Task1.V0", "Tyuiu.KomarovNA.Sprint0.Task1.V0\Tyuiu.KomarovNA.Sprint0.Task1.V0.csproj", "{4AB4EB32-997A-45FD-964A-9B346D468885}"
EndProject
Project("{2150E333-8FDC-42A3-9474-1A3956D46DE8}") = "Task2", "Task2", "{04EC8EB5-81A0-468A-86D0-BCCD5FB4AEF0}"
EndProject
Project("{9A19103F-16F7-4668-BE54-9A1E7A4F7556}") = "Tyuiu.KomarovNA.Sprint0.Task2.V0", "Tyuiu.KomarovNA.Sprint0.Task2.V0\Tyuiu.KomarovNA.Sprint0.Task2.V0.csproj", "{BEBC1699-4AE3-47F0-AE01-706C215B227C}"
EndProject
Project("{9A19103F-16F7-4668-BE54-9A1E7A4F7556}") = "Tyuiu.KomarovNA.Sprint0.Task2.V0.Lib", "Tyuiu.KomarovNA.Sprint0.Task2.V0.Lib\Tyuiu.KomarovNA.Sprint0.Task2.V0.Lib.csproj", "{FAD9D16B-E2CA-4382-A819-BEDC77A3B15C}"
EndProject
Project("{FAE04EC0-301F-11D3-BF4B-00C04F79EFBC}") = "Tyuiu.KomarovNA.Sprint0.Task2.V0.Test", "Tyuiu.KomarovNA.Sprint0.Task2.V0.Test\Tyuiu.KomarovNA.Sprint0.Task2.V0.Test.csproj", "{AD6097AD-C53E-487A-BF70-2F1EF2D34DB2}"
EndProject
Global
	GlobalSection(SolutionConfigurationPlatforms) = preSolution
		Debug|Any CPU = Debug|Any CPU
		Release|Any CPU = Release|Any CPU
	EndGlobalSection
	GlobalSection(ProjectConfigurationPlatforms) = postSolution
		{9D179144-4A9C-4583-A400-DA6F1EF3406B}.Debug|Any CPU.ActiveCfg = Debug|Any CPU
		{9D179144-4A9C-4583-A400-DA6F1EF3406B}.Debug|Any CPU.Build.0 = Debug|Any CPU
		{9D179144-4A9C-4583-A400-DA6F1EF3406B}.Release|Any CPU.ActiveCfg = Release|Any CPU
		{9D179144-4A9C-4583-A400-DA6F1EF3406B}.Release|Any CPU.Build.0 = Release|Any CPU
		{4AB4EB32-997A-45FD-964A-9B346D468885}.Debug|Any CPU.ActiveCfg = Debug|Any CPU
		{4AB4EB32-997A-45FD-964A-9B346D468885}.Debug|Any CPU.Build.0 = Debug|Any CPU
		{4AB4EB32-997A-45FD-964A-9B346D468885}.Release|Any CPU.ActiveCfg = Release|Any CPU
		{4AB4EB32-997A-45FD-964A-9B346D468885}.Release|Any CPU.Build.0 = Release|Any CPU
		{BEBC1699-4AE3-47F0-AE01-706C215B227C}.Debug|Any CPU.ActiveCfg = Debug|Any CPU
		{BEBC1699-4AE3-47F0-AE01-706C215B227C}.Debug|Any CPU.Build.0 = Debug|Any CPU
		{BEBC1699-4AE3-47F0-AE01-706C215B227C}.Release|Any CPU.ActiveCfg = Release|Any CPU
		{BEBC1699-4AE3-47F0-AE01-706C215B227C}.Release|Any CPU.Build.0 = Release|Any CPU
		{FAD9D16B-E2CA-4382-A819-BEDC77A3B15C}.Debug|Any CPU.ActiveCfg = Debug|Any CPU
		{FAD9D16B-E2CA-4382-A819-BEDC77A3B15C}.Debug|Any CPU.Build.0 = Debug|Any CPU
		{FAD9D16B-E2CA-4382-A819-BEDC77A3B15C}.Release|Any CPU.ActiveCfg = Release|Any CPU
		{FAD9D16B-E2CA-4382-A819-BEDC77A3B15C}.Release|Any CPU.Build.0 = Release|Any CPU
		{AD6097AD-C53E-487A-BF70-2F1EF2D34DB2}.Debug|Any CPU.ActiveCfg = Debug|Any CPU
		{AD6097AD-C53E-487A-BF70-2F1EF2D34DB2}.Debug|Any CPU.Build.0 = Debug|Any CPU
		{AD6097AD-C53E-487A-BF70-2F1EF2D34DB2}.Release|Any CPU.ActiveCfg = Release|Any CPU
		{AD6097AD-C53E-487A-BF70-2F1EF2D34DB2}.Release|Any CPU.Build.0 = Release|Any CPU
	EndGlobalSection
	GlobalSection(SolutionProperties) = preSolution
		HideSolutionNode = FALSE
	EndGlobalSection
	GlobalSection(NestedProjects) = preSolution
		{9D179144-4A9C-4583-A400-DA6F1EF3406B} = {868F4498-C813-4F71-9E12-62812E26E442}
		{4AB4EB32-997A-45FD-964A-9B346D468885} = {C8560EF7-C959-407D-9A39-A564831CF1DD}
		{BEBC1699-4AE3-47F0-AE01-706C215B227C} = {04EC8EB5-81A0-468A-86D0-BCCD5FB4AEF0}
		{FAD9D16B-E2CA-4382-A819-BEDC77A3B15C} = {04EC8EB5-81A0-468A-86D0-BCCD5FB4AEF0}
		{AD6097AD-C53E-487A-BF70-2F1EF2D34DB2} = {04EC8EB5-81A0-468A-86D0-BCCD5FB4AEF0}
	EndGlobalSection
	GlobalSection(ExtensibilityGlobals) = postSolution
		SolutionGuid = {DC4BB819-0480-42DE-8CF0-970A5FB1CD9C}
	EndGlobalSection
EndGlobal
