
Microsoft Visual Studio Solution File, Format Version 12.00
# Visual Studio Version 17
VisualStudioVersion = 17.11.35303.130
MinimumVisualStudioVersion = 10.0.40219.1
Project("{2150E333-8FDC-42A3-9474-1A3956D46DE8}") = "Task0", "Task0", "{868F4498-C813-4F71-9E12-62812E26E442}"
EndProject
Project("{9A19103F-16F7-4668-BE54-9A1E7A4F7556}") = "Tyuiu.KomarovNA.Sprint0.Task0.V0", "Tyuiu.KomarovNA.Sprint0.Task0.V0\Tyuiu.KomarovNA.Sprint0.Task0.V0.csproj", "{9D179144-4A9C-4583-A400-DA6F1EF3406B}"
EndProject
Project("{2150E333-8FDC-42A3-9474-1A3956D46DE8}") = "Task1", "Task1", "{C8560EF7-C959-407D-9A39-A564831CF1DD}"
EndProject
Project("{9A19103F-16F7-4668-BE54-9A1E7A4F7556}") = "Tyuiu.KomarovNA.Sprint0.Task1.V0", "Tyuiu.KomarovNA.Sprint0.Task1.V0\Tyuiu.KomarovNA.Sprint0.Task1.V0.csproj", "{4AB4EB32-997A-45FD-964A-9B346D468885}"
EndProject
Project("{2150E333-8FDC-42A3-9474-1A3956D46DE8}") = "Task2", "Task2", "{04EC8EB5-81A0-468A-86D0-BCCD5FB4AEF0}"
EndProject
Project("{9A19103F-16F7-4668-BE54-9A1E7A4F7556}") = "Tyuiu.KomarovNA.Sprint0.Task2.V0", "Tyuiu.KomarovNA.Sprint0.Task2.V0\Tyuiu.KomarovNA.Sprint0.Task2.V0.csproj", "{BEBC1699-4AE3-47F0-AE01-706C215B227C}"
EndProject
Project("{9A19103F-16F7-4668-BE54-9A1E7A4F7556}") = "Tyuiu.KomarovNA.Sprint0.Task2.V0.Lib", "Tyuiu.KomarovNA.Sprint0.Task2.V0.Lib\Tyuiu.KomarovNA.Sprint0.Task2.V0.Lib.csproj", "{FAD9D16B-E2CA-4382-A819-BEDC77A3B15C}"
EndProject
Project("{9A19103F-16F7-4668-BE54-9A1E7A4F7556}") = "Tyuiu.KomarovNA.Sprint0.Task2.V0.Test", "Tyuiu.KomarovNA.Sprint0.Task2.V0.Test\Tyuiu.KomarovNA.Sprint0.Task2.V0.Test.csproj", "{AD6097AD-C53E-487A-BF70-2F1EF2D34DB2}"
EndProject
Project("{2150E333-8FDC-42A3-9474-1A3956D46DE8}") = "Task3", "Task3", "{879DB77E-9999-44A5-9CA6-01FBE3C88636}"
EndProject
Project("{FAE04EC0-301F-11D3-BF4B-00C04F79EFBC}") = "Tyuiu.KomarovNA.Sprint0.Task3.V0", "Tyuiu.KomarovNA.Sprint0.Task3.V0\Tyuiu.KomarovNA.Sprint0.Task3.V0.csproj", "{E3EF09F9-CA31-4314-9216-C61FE037CB32}"
EndProject
Project("{FAE04EC0-301F-11D3-BF4B-00C04F79EFBC}") = "Tyuiu.KomarovNA.Sprint0.Task3.V0.Lib", "Tyuiu.KomarovNA.Sprint0.Task3.V0.Lib\Tyuiu.KomarovNA.Sprint0.Task3.V0.Lib.csproj", "{9913BFCF-AC7E-4E25-85A8-AAC69A619E1C}"
EndProject
Project("{FAE04EC0-301F-11D3-BF4B-00C04F79EFBC}") = "Tyuiu.KomarovNA.Sprint0.Task3.V0.Test", "Tyuiu.KomarovNA.Sprint0.Task3.V0.Test\Tyuiu.KomarovNA.Sprint0.Task3.V0.Test.csproj", "{1DEC54C3-F358-4E6E-AEFD-2C29BF6E911D}"
EndProject
Project("{2150E333-8FDC-42A3-9474-1A3956D46DE8}") = "Task4", "Task4", "{07698EE4-CD0C-4E7D-A937-471DB37A9341}"
EndProject
Project("{FAE04EC0-301F-11D3-BF4B-00C04F79EFBC}") = "Tyuiu.KomarovNA.Sprint0.Task4.V0", "Tyuiu.KomarovNA.Sprint0.Task4.V0\Tyuiu.KomarovNA.Sprint0.Task4.V0.csproj", "{C0949043-DB8E-4E95-AFA5-FE56C99B1752}"
EndProject
Project("{FAE04EC0-301F-11D3-BF4B-00C04F79EFBC}") = "Tyuiu.KomarovNA.Sprint0.Task4.V0.Lib", "Tyuiu.KomarovNA.Sprint0.Task4.V0.Lib\Tyuiu.KomarovNA.Sprint0.Task4.V0.Lib.csproj", "{474EF5F4-E047-46AF-B59A-56C457251B4B}"
EndProject
Project("{FAE04EC0-301F-11D3-BF4B-00C04F79EFBC}") = "Tyuiu.KomarovNA.Sprint0.Task4.V0.Test", "Tyuiu.KomarovNA.Sprint0.Task4.V0.Test\Tyuiu.KomarovNA.Sprint0.Task4.V0.Test.csproj", "{615903E9-90E7-4379-977D-A20D1487CF7F}"
EndProject
Project("{2150E333-8FDC-42A3-9474-1A3956D46DE8}") = "Task5", "Task5", "{ADCDB939-E2C1-49EF-9F56-4C014960449D}"
EndProject
Project("{FAE04EC0-301F-11D3-BF4B-00C04F79EFBC}") = "Tyuiu.KomarovNA.Sprint0.Task5.V0", "Tyuiu.KomarovNA.Sprint0.Task5.V0\Tyuiu.KomarovNA.Sprint0.Task5.V0.csproj", "{1FA114F9-C5D9-4089-9E8D-8A12ABCAC45F}"
EndProject
Project("{FAE04EC0-301F-11D3-BF4B-00C04F79EFBC}") = "Tyuiu.KomarovNA.Sprint0.Task5.V0.Lib", "Tyuiu.KomarovNA.Sprint0.Task5.V0.Lib\Tyuiu.KomarovNA.Sprint0.Task5.V0.Lib.csproj", "{2954D87F-5207-48B7-BD6E-6532B6D73DDD}"
EndProject
Project("{FAE04EC0-301F-11D3-BF4B-00C04F79EFBC}") = "Tyuiu.KomarovNA.Sprint0.Task5.V0.Test", "Tyuiu.KomarovNA.Sprint0.Task5.V0.Test\Tyuiu.KomarovNA.Sprint0.Task5.V0.Test.csproj", "{7C72BC8E-C052-4321-98E2-1BBED1DD6909}"
EndProject
Project("{2150E333-8FDC-42A3-9474-1A3956D46DE8}") = "Task6", "Task6", "{B4010B38-AD1C-45EF-8B4A-D2C126E28649}"
EndProject
Project("{FAE04EC0-301F-11D3-BF4B-00C04F79EFBC}") = "Tyuiu.KomarovNA.Sprint0.Task6.V0", "Tyuiu.KomarovNA.Sprint0.Task6.V0\Tyuiu.KomarovNA.Sprint0.Task6.V0.csproj", "{198B9E7D-14B9-4DDC-9172-8C9DEA5599A5}"
EndProject
Project("{FAE04EC0-301F-11D3-BF4B-00C04F79EFBC}") = "Tyuiu.KomarovNA.Sprint0.Task6.V0.Lib", "Tyuiu.KomarovNA.Sprint0.Task6.V0.Lib\Tyuiu.KomarovNA.Sprint0.Task6.V0.Lib.csproj", "{40C40B01-D934-48A7-9E75-52B736BB1EE9}"
EndProject
Project("{FAE04EC0-301F-11D3-BF4B-00C04F79EFBC}") = "Tyuiu.KomarovNA.Sprint0.Task6.V0.Test", "Tyuiu.KomarovNA.Sprint0.Task6.V0.Test\Tyuiu.KomarovNA.Sprint0.Task6.V0.Test.csproj", "{92052688-1DBC-4AF4-8C6E-83BBA9DE2223}"
EndProject
Project("{2150E333-8FDC-42A3-9474-1A3956D46DE8}") = "Task7", "Task7", "{88D8E75E-9D34-4B53-9BBA-B0F705DAEA94}"
EndProject
Project("{FAE04EC0-301F-11D3-BF4B-00C04F79EFBC}") = "Tyuiu.KomarovNA.Sprint0.Task7.V0", "Tyuiu.KomarovNA.Sprint0.Task7.V0\Tyuiu.KomarovNA.Sprint0.Task7.V0.csproj", "{3D805BA9-F7A5-48A4-B7B4-FED4B5EC404A}"
EndProject
Project("{FAE04EC0-301F-11D3-BF4B-00C04F79EFBC}") = "Tyuiu.KomarovNA.Sprint0.Task7.V0.Lib", "Tyuiu.KomarovNA.Sprint0.Task7.V0.Lib\Tyuiu.KomarovNA.Sprint0.Task7.V0.Lib.csproj", "{2A4C3AAA-B20F-439F-BFF0-D844D1002873}"
EndProject
Project("{FAE04EC0-301F-11D3-BF4B-00C04F79EFBC}") = "Tyuiu.KomarovNA.Sprint0.Task7.V0.Test", "Tyuiu.KomarovNA.Sprint0.Task7.V0.Test\Tyuiu.KomarovNA.Sprint0.Task7.V0.Test.csproj", "{7F3EFCC3-7F74-4D53-A2A7-A8DDE723B662}"
EndProject
Global
	GlobalSection(SolutionConfigurationPlatforms) = preSolution
		Debug|Any CPU = Debug|Any CPU
		Release|Any CPU = Release|Any CPU
	EndGlobalSection
	GlobalSection(ProjectConfigurationPlatforms) = postSolution
		{9D179144-4A9C-4583-A400-DA6F1EF3406B}.Debug|Any CPU.ActiveCfg = Debug|Any CPU
		{9D179144-4A9C-4583-A400-DA6F1EF3406B}.Debug|Any CPU.Build.0 = Debug|Any CPU
		{9D179144-4A9C-4583-A400-DA6F1EF3406B}.Release|Any CPU.ActiveCfg = Release|Any CPU
		{9D179144-4A9C-4583-A400-DA6F1EF3406B}.Release|Any CPU.Build.0 = Release|Any CPU
		{4AB4EB32-997A-45FD-964A-9B346D468885}.Debug|Any CPU.ActiveCfg = Debug|Any CPU
		{4AB4EB32-997A-45FD-964A-9B346D468885}.Debug|Any CPU.Build.0 = Debug|Any CPU
		{4AB4EB32-997A-45FD-964A-9B346D468885}.Release|Any CPU.ActiveCfg = Release|Any CPU
		{4AB4EB32-997A-45FD-964A-9B346D468885}.Release|Any CPU.Build.0 = Release|Any CPU
		{BEBC1699-4AE3-47F0-AE01-706C215B227C}.Debug|Any CPU.ActiveCfg = Debug|Any CPU
		{BEBC1699-4AE3-47F0-AE01-706C215B227C}.Debug|Any CPU.Build.0 = Debug|Any CPU
		{BEBC1699-4AE3-47F0-AE01-706C215B227C}.Release|Any CPU.ActiveCfg = Release|Any CPU
		{BEBC1699-4AE3-47F0-AE01-706C215B227C}.Release|Any CPU.Build.0 = Release|Any CPU
		{FAD9D16B-E2CA-4382-A819-BEDC77A3B15C}.Debug|Any CPU.ActiveCfg = Debug|Any CPU
		{FAD9D16B-E2CA-4382-A819-BEDC77A3B15C}.Debug|Any CPU.Build.0 = Debug|Any CPU
		{FAD9D16B-E2CA-4382-A819-BEDC77A3B15C}.Release|Any CPU.ActiveCfg = Release|Any CPU
		{FAD9D16B-E2CA-4382-A819-BEDC77A3B15C}.Release|Any CPU.Build.0 = Release|Any CPU
		{AD6097AD-C53E-487A-BF70-2F1EF2D34DB2}.Debug|Any CPU.ActiveCfg = Debug|Any CPU
		{AD6097AD-C53E-487A-BF70-2F1EF2D34DB2}.Debug|Any CPU.Build.0 = Debug|Any CPU
		{AD6097AD-C53E-487A-BF70-2F1EF2D34DB2}.Release|Any CPU.ActiveCfg = Release|Any CPU
		{AD6097AD-C53E-487A-BF70-2F1EF2D34DB2}.Release|Any CPU.Build.0 = Release|Any CPU
		{E3EF09F9-CA31-4314-9216-C61FE037CB32}.Debug|Any CPU.ActiveCfg = Debug|Any CPU
		{E3EF09F9-CA31-4314-9216-C61FE037CB32}.Debug|Any CPU.Build.0 = Debug|Any CPU
		{E3EF09F9-CA31-4314-9216-C61FE037CB32}.Release|Any CPU.ActiveCfg = Release|Any CPU
		{E3EF09F9-CA31-4314-9216-C61FE037CB32}.Release|Any CPU.Build.0 = Release|Any CPU
		{9913BFCF-AC7E-4E25-85A8-AAC69A619E1C}.Debug|Any CPU.ActiveCfg = Debug|Any CPU
		{9913BFCF-AC7E-4E25-85A8-AAC69A619E1C}.Debug|Any CPU.Build.0 = Debug|Any CPU
		{9913BFCF-AC7E-4E25-85A8-AAC69A619E1C}.Release|Any CPU.ActiveCfg = Release|Any CPU
		{9913BFCF-AC7E-4E25-85A8-AAC69A619E1C}.Release|Any CPU.Build.0 = Release|Any CPU
		{1DEC54C3-F358-4E6E-AEFD-2C29BF6E911D}.Debug|Any CPU.ActiveCfg = Debug|Any CPU
		{1DEC54C3-F358-4E6E-AEFD-2C29BF6E911D}.Debug|Any CPU.Build.0 = Debug|Any CPU
		{1DEC54C3-F358-4E6E-AEFD-2C29BF6E911D}.Release|Any CPU.ActiveCfg = Release|Any CPU
		{1DEC54C3-F358-4E6E-AEFD-2C29BF6E911D}.Release|Any CPU.Build.0 = Release|Any CPU
		{C0949043-DB8E-4E95-AFA5-FE56C99B1752}.Debug|Any CPU.ActiveCfg = Debug|Any CPU
		{C0949043-DB8E-4E95-AFA5-FE56C99B1752}.Debug|Any CPU.Build.0 = Debug|Any CPU
		{C0949043-DB8E-4E95-AFA5-FE56C99B1752}.Release|Any CPU.ActiveCfg = Release|Any CPU
		{C0949043-DB8E-4E95-AFA5-FE56C99B1752}.Release|Any CPU.Build.0 = Release|Any CPU
		{474EF5F4-E047-46AF-B59A-56C457251B4B}.Debug|Any CPU.ActiveCfg = Debug|Any CPU
		{474EF5F4-E047-46AF-B59A-56C457251B4B}.Debug|Any CPU.Build.0 = Debug|Any CPU
		{474EF5F4-E047-46AF-B59A-56C457251B4B}.Release|Any CPU.ActiveCfg = Release|Any CPU
		{474EF5F4-E047-46AF-B59A-56C457251B4B}.Release|Any CPU.Build.0 = Release|Any CPU
		{615903E9-90E7-4379-977D-A20D1487CF7F}.Debug|Any CPU.ActiveCfg = Debug|Any CPU
		{615903E9-90E7-4379-977D-A20D1487CF7F}.Debug|Any CPU.Build.0 = Debug|Any CPU
		{615903E9-90E7-4379-977D-A20D1487CF7F}.Release|Any CPU.ActiveCfg = Release|Any CPU
		{615903E9-90E7-4379-977D-A20D1487CF7F}.Release|Any CPU.Build.0 = Release|Any CPU
		{1FA114F9-C5D9-4089-9E8D-8A12ABCAC45F}.Debug|Any CPU.ActiveCfg = Debug|Any CPU
		{1FA114F9-C5D9-4089-9E8D-8A12ABCAC45F}.Debug|Any CPU.Build.0 = Debug|Any CPU
		{1FA114F9-C5D9-4089-9E8D-8A12ABCAC45F}.Release|Any CPU.ActiveCfg = Release|Any CPU
		{1FA114F9-C5D9-4089-9E8D-8A12ABCAC45F}.Release|Any CPU.Build.0 = Release|Any CPU
		{2954D87F-5207-48B7-BD6E-6532B6D73DDD}.Debug|Any CPU.ActiveCfg = Debug|Any CPU
		{2954D87F-5207-48B7-BD6E-6532B6D73DDD}.Debug|Any CPU.Build.0 = Debug|Any CPU
		{2954D87F-5207-48B7-BD6E-6532B6D73DDD}.Release|Any CPU.ActiveCfg = Release|Any CPU
		{2954D87F-5207-48B7-BD6E-6532B6D73DDD}.Release|Any CPU.Build.0 = Release|Any CPU
		{7C72BC8E-C052-4321-98E2-1BBED1DD6909}.Debug|Any CPU.ActiveCfg = Debug|Any CPU
		{7C72BC8E-C052-4321-98E2-1BBED1DD6909}.Debug|Any CPU.Build.0 = Debug|Any CPU
		{7C72BC8E-C052-4321-98E2-1BBED1DD6909}.Release|Any CPU.ActiveCfg = Release|Any CPU
		{7C72BC8E-C052-4321-98E2-1BBED1DD6909}.Release|Any CPU.Build.0 = Release|Any CPU
		{198B9E7D-14B9-4DDC-9172-8C9DEA5599A5}.Debug|Any CPU.ActiveCfg = Debug|Any CPU
		{198B9E7D-14B9-4DDC-9172-8C9DEA5599A5}.Debug|Any CPU.Build.0 = Debug|Any CPU
		{198B9E7D-14B9-4DDC-9172-8C9DEA5599A5}.Release|Any CPU.ActiveCfg = Release|Any CPU
		{198B9E7D-14B9-4DDC-9172-8C9DEA5599A5}.Release|Any CPU.Build.0 = Release|Any CPU
		{40C40B01-D934-48A7-9E75-52B736BB1EE9}.Debug|Any CPU.ActiveCfg = Debug|Any CPU
		{40C40B01-D934-48A7-9E75-52B736BB1EE9}.Debug|Any CPU.Build.0 = Debug|Any CPU
		{40C40B01-D934-48A7-9E75-52B736BB1EE9}.Release|Any CPU.ActiveCfg = Release|Any CPU
		{40C40B01-D934-48A7-9E75-52B736BB1EE9}.Release|Any CPU.Build.0 = Release|Any CPU
		{92052688-1DBC-4AF4-8C6E-83BBA9DE2223}.Debug|Any CPU.ActiveCfg = Debug|Any CPU
		{92052688-1DBC-4AF4-8C6E-83BBA9DE2223}.Debug|Any CPU.Build.0 = Debug|Any CPU
		{92052688-1DBC-4AF4-8C6E-83BBA9DE2223}.Release|Any CPU.ActiveCfg = Release|Any CPU
		{92052688-1DBC-4AF4-8C6E-83BBA9DE2223}.Release|Any CPU.Build.0 = Release|Any CPU
		{3D805BA9-F7A5-48A4-B7B4-FED4B5EC404A}.Debug|Any CPU.ActiveCfg = Debug|Any CPU
		{3D805BA9-F7A5-48A4-B7B4-FED4B5EC404A}.Debug|Any CPU.Build.0 = Debug|Any CPU
		{3D805BA9-F7A5-48A4-B7B4-FED4B5EC404A}.Release|Any CPU.ActiveCfg = Release|Any CPU
		{3D805BA9-F7A5-48A4-B7B4-FED4B5EC404A}.Release|Any CPU.Build.0 = Release|Any CPU
		{2A4C3AAA-B20F-439F-BFF0-D844D1002873}.Debug|Any CPU.ActiveCfg = Debug|Any CPU
		{2A4C3AAA-B20F-439F-BFF0-D844D1002873}.Debug|Any CPU.Build.0 = Debug|Any CPU
		{2A4C3AAA-B20F-439F-BFF0-D844D1002873}.Release|Any CPU.ActiveCfg = Release|Any CPU
		{2A4C3AAA-B20F-439F-BFF0-D844D1002873}.Release|Any CPU.Build.0 = Release|Any CPU
		{7F3EFCC3-7F74-4D53-A2A7-A8DDE723B662}.Debug|Any CPU.ActiveCfg = Debug|Any CPU
		{7F3EFCC3-7F74-4D53-A2A7-A8DDE723B662}.Debug|Any CPU.Build.0 = Debug|Any CPU
		{7F3EFCC3-7F74-4D53-A2A7-A8DDE723B662}.Release|Any CPU.ActiveCfg = Release|Any CPU
		{7F3EFCC3-7F74-4D53-A2A7-A8DDE723B662}.Release|Any CPU.Build.0 = Release|Any CPU
	EndGlobalSection
	GlobalSection(SolutionProperties) = preSolution
		HideSolutionNode = FALSE
	EndGlobalSection
	GlobalSection(NestedProjects) = preSolution
		{9D179144-4A9C-4583-A400-DA6F1EF3406B} = {868F4498-C813-4F71-9E12-62812E26E442}
		{4AB4EB32-997A-45FD-964A-9B346D468885} = {C8560EF7-C959-407D-9A39-A564831CF1DD}
		{BEBC1699-4AE3-47F0-AE01-706C215B227C} = {04EC8EB5-81A0-468A-86D0-BCCD5FB4AEF0}
		{FAD9D16B-E2CA-4382-A819-BEDC77A3B15C} = {04EC8EB5-81A0-468A-86D0-BCCD5FB4AEF0}
		{AD6097AD-C53E-487A-BF70-2F1EF2D34DB2} = {04EC8EB5-81A0-468A-86D0-BCCD5FB4AEF0}
		{E3EF09F9-CA31-4314-9216-C61FE037CB32} = {879DB77E-9999-44A5-9CA6-01FBE3C88636}
		{9913BFCF-AC7E-4E25-85A8-AAC69A619E1C} = {879DB77E-9999-44A5-9CA6-01FBE3C88636}
		{1DEC54C3-F358-4E6E-AEFD-2C29BF6E911D} = {879DB77E-9999-44A5-9CA6-01FBE3C88636}
		{C0949043-DB8E-4E95-AFA5-FE56C99B1752} = {07698EE4-CD0C-4E7D-A937-471DB37A9341}
		{474EF5F4-E047-46AF-B59A-56C457251B4B} = {07698EE4-CD0C-4E7D-A937-471DB37A9341}
		{615903E9-90E7-4379-977D-A20D1487CF7F} = {07698EE4-CD0C-4E7D-A937-471DB37A9341}
		{1FA114F9-C5D9-4089-9E8D-8A12ABCAC45F} = {ADCDB939-E2C1-49EF-9F56-4C014960449D}
		{2954D87F-5207-48B7-BD6E-6532B6D73DDD} = {ADCDB939-E2C1-49EF-9F56-4C014960449D}
		{7C72BC8E-C052-4321-98E2-1BBED1DD6909} = {ADCDB939-E2C1-49EF-9F56-4C014960449D}
		{198B9E7D-14B9-4DDC-9172-8C9DEA5599A5} = {B4010B38-AD1C-45EF-8B4A-D2C126E28649}
		{40C40B01-D934-48A7-9E75-52B736BB1EE9} = {B4010B38-AD1C-45EF-8B4A-D2C126E28649}
		{92052688-1DBC-4AF4-8C6E-83BBA9DE2223} = {B4010B38-AD1C-45EF-8B4A-D2C126E28649}
		{3D805BA9-F7A5-48A4-B7B4-FED4B5EC404A} = {88D8E75E-9D34-4B53-9BBA-B0F705DAEA94}
		{2A4C3AAA-B20F-439F-BFF0-D844D1002873} = {88D8E75E-9D34-4B53-9BBA-B0F705DAEA94}
		{7F3EFCC3-7F74-4D53-A2A7-A8DDE723B662} = {88D8E75E-9D34-4B53-9BBA-B0F705DAEA94}
	EndGlobalSection
	GlobalSection(ExtensibilityGlobals) = postSolution
		SolutionGuid = {DC4BB819-0480-42DE-8CF0-970A5FB1CD9C}
	EndGlobalSection
EndGlobal
